
Microsoft Visual Studio Solution File, Format Version 12.00
# Visual Studio Version 17
VisualStudioVersion = 17.6.33815.320
MinimumVisualStudioVersion = 10.0.40219.1
Project("{FAE04EC0-301F-11D3-BF4B-00C04F79EFBC}") = "Scheduler_Excel_Export", "Scheduler_Excel_Export\Scheduler_Excel_Export.csproj", "{36486553-1ABE-411F-9A20-F9FC291A71C7}"
EndProject
Global
	GlobalSection(SolutionConfigurationPlatforms) = preSolution
		Debug|Any CPU = Debug|Any CPU
		Release|Any CPU = Release|Any CPU
	EndGlobalSection
	GlobalSection(ProjectConfigurationPlatforms) = postSolution
		{36486553-1ABE-411F-9A20-F9FC291A71C7}.Debug|Any CPU.ActiveCfg = Debug|Any CPU
		{36486553-1ABE-411F-9A20-F9FC291A71C7}.Debug|Any CPU.Build.0 = Debug|Any CPU
		{36486553-1ABE-411F-9A20-F9FC291A71C7}.Release|Any CPU.ActiveCfg = Release|Any CPU
		{36486553-1ABE-411F-9A20-F9FC291A71C7}.Release|Any CPU.Build.0 = Release|Any CPU
	EndGlobalSection
	GlobalSection(SolutionProperties) = preSolution
		HideSolutionNode = FALSE
	EndGlobalSection
	GlobalSection(ExtensibilityGlobals) = postSolution
		SolutionGuid = {25383AB0-EB43-4491-A262-DFCBD9C074EF}
	EndGlobalSection
EndGlobal
